# THIS IS AN AUTOGENERATED FILE. DO NOT EDIT THIS FILE DIRECTLY.
# yarn lockfile v1


"@connext/interfaces@^2.0.5":
  version "2.0.5"
  resolved "https://registry.yarnpkg.com/@connext/interfaces/-/interfaces-2.0.5.tgz#c9a5072a12ce7b6ce4e2f6eddfc8157aa0cb788f"
  integrity sha512-b657mNb6z/kLGZMNhqDHJmYmPWa3QZYdtZ4TEjtrYe3289aO0dbRrMIEYd0fQVEtqNjPVl7YnwberfOmz1QehA==

"@openzeppelin/contracts@^4.8.3":
  version "4.8.3"
  resolved "https://registry.yarnpkg.com/@openzeppelin/contracts/-/contracts-4.8.3.tgz#cbef3146bfc570849405f59cba18235da95a252a"
  integrity sha512-bQHV8R9Me8IaJoJ2vPG4rXcL7seB7YVuskr4f+f5RyOStSZetwzkWtoqDMl5erkBJy0lDRUnIR2WIkPiC0GJlg==
